
Microsoft Visual Studio Solution File, Format Version 12.00
# Visual Studio Version 16
VisualStudioVersion = 16.0.32002.261
MinimumVisualStudioVersion = 10.0.40219.1
Project("{FAE04EC0-301F-11D3-BF4B-00C04F79EFBC}") = "123", "123\123.csproj", "{2875E779-679E-4473-9452-18668EBB094E}"
EndProject
Global
	GlobalSection(SolutionConfigurationPlatforms) = preSolution
		Debug|Any CPU = Debug|Any CPU
		Release|Any CPU = Release|Any CPU
	EndGlobalSection
	GlobalSection(ProjectConfigurationPlatforms) = postSolution
		{2875E779-679E-4473-9452-18668EBB094E}.Debug|Any CPU.ActiveCfg = Debug|Any CPU
		{2875E779-679E-4473-9452-18668EBB094E}.Debug|Any CPU.Build.0 = Debug|Any CPU
		{2875E779-679E-4473-9452-18668EBB094E}.Release|Any CPU.ActiveCfg = Release|Any CPU
		{2875E779-679E-4473-9452-18668EBB094E}.Release|Any CPU.Build.0 = Release|Any CPU
	EndGlobalSection
	GlobalSection(SolutionProperties) = preSolution
		HideSolutionNode = FALSE
	EndGlobalSection
	GlobalSection(ExtensibilityGlobals) = postSolution
		SolutionGuid = {034B62E6-56DE-4E16-887C-11C2DF7451FC}
	EndGlobalSection
EndGlobal
